# @generated by Move, please check-in and do not edit manually.

[move]
version = 3
manifest_digest = "ACBE3ED94368D70986ADC672BC59E0E592058ADD8A62D4BA64659BA2593A3833"
deps_digest = "F8BBB0CCB2491CA29A3DF03D6F92277A4F3574266507ACD77214D37ECA3F3082"
dependencies = [
  { id = "Sui", name = "Sui" },
]

[[move.package]]
id = "MoveStdlib"
source = { git = "https://github.com/MystenLabs/sui.git", rev = "devnet", subdir = "crates/sui-framework/packages/move-stdlib" }

[[move.package]]
id = "Sui"
source = { git = "https://github.com/MystenLabs/sui.git", rev = "devnet", subdir = "crates/sui-framework/packages/sui-framework" }

dependencies = [
  { id = "MoveStdlib", name = "MoveStdlib" },
]

[move.toolchain-version]
compiler-version = "1.48.1"
edition = "2024.beta"
flavor = "sui"

[env]

[env.sui-localnet]
chain-id = "307caed0"
original-published-id = "0xcfc246abaf40e2f9589e7907e41abe80f150d48b9dc8d6e78c00d1cf30e2ef77"
latest-published-id = "0xcfc246abaf40e2f9589e7907e41abe80f150d48b9dc8d6e78c00d1cf30e2ef77"
published-version = "1"

[env.localnet_proxy]
chain-id = "0ba2bdbe"
original-published-id = "0xf9fcd483035208c6d14060760abff53a5c97769b400d43e8d390ea674dd18955"
latest-published-id = "0xf9fcd483035208c6d14060760abff53a5c97769b400d43e8d390ea674dd18955"
published-version = "1"
